// !$*UTF8*$!
{
	archiveVersion = 1;
	classes = {
	};
	objectVersion = 56;
	objects = {

/* Begin PBXBuildFile section */
		852DA12929525C3C000DBB7A /* MoonLightApp.swift in Sources */ = {isa = PBXBuildFile; fileRef = 852DA12829525C3C000DBB7A /* MoonLightApp.swift */; };
		852DA12B29525C3C000DBB7A /* ContentView.swift in Sources */ = {isa = PBXBuildFile; fileRef = 852DA12A29525C3C000DBB7A /* ContentView.swift */; };
		852DA12D29525C3E000DBB7A /* Assets.xcassets in Resources */ = {isa = PBXBuildFile; fileRef = 852DA12C29525C3E000DBB7A /* Assets.xcassets */; };
		852DA13129525C3E000DBB7A /* Preview Assets.xcassets in Resources */ = {isa = PBXBuildFile; fileRef = 852DA13029525C3E000DBB7A /* Preview Assets.xcassets */; };
		852DA13B29525C3E000DBB7A /* MoonLightTests.swift in Sources */ = {isa = PBXBuildFile; fileRef = 852DA13A29525C3E000DBB7A /* MoonLightTests.swift */; };
		852DA14529525C3E000DBB7A /* MoonLightUITests.swift in Sources */ = {isa = PBXBuildFile; fileRef = 852DA14429525C3E000DBB7A /* MoonLightUITests.swift */; };
		852DA14729525C3E000DBB7A /* MoonLightUITestsLaunchTests.swift in Sources */ = {isa = PBXBuildFile; fileRef = 852DA14629525C3E000DBB7A /* MoonLightUITestsLaunchTests.swift */; };
/* End PBXBuildFile section */

/* Begin PBXContainerItemProxy section */
		852DA13729525C3E000DBB7A /* PBXContainerItemProxy */ = {
			isa = PBXContainerItemProxy;
			containerPortal = 852DA11D29525C3C000DBB7A /* Project object */;
			proxyType = 1;
			remoteGlobalIDString = 852DA12429525C3C000DBB7A;
			remoteInfo = MoonLight;
		};
		852DA14129525C3E000DBB7A /* PBXContainerItemProxy */ = {
			isa = PBXContainerItemProxy;
			containerPortal = 852DA11D29525C3C000DBB7A /* Project object */;
			proxyType = 1;
			remoteGlobalIDString = 852DA12429525C3C000DBB7A;
			remoteInfo = MoonLight;
		};
/* End PBXContainerItemProxy section */

/* Begin PBXFileReference section */
		852DA12529525C3C000DBB7A /* MoonLight.app */ = {isa = PBXFileReference; explicitFileType = wrapper.application; includeInIndex = 0; path = MoonLight.app; sourceTree = BUILT_PRODUCTS_DIR; };
		852DA12829525C3C000DBB7A /* MoonLightApp.swift */ = {isa = PBXFileReference; lastKnownFileType = sourcecode.swift; path = MoonLightApp.swift; sourceTree = "<group>"; };
		852DA12A29525C3C000DBB7A /* ContentView.swift */ = {isa = PBXFileReference; lastKnownFileType = sourcecode.swift; path = ContentView.swift; sourceTree = "<group>"; };
		852DA12C29525C3E000DBB7A /* Assets.xcassets */ = {isa = PBXFileReference; lastKnownFileType = folder.assetcatalog; path = Assets.xcassets; sourceTree = "<group>"; };
		852DA12E29525C3E000DBB7A /* MoonLight.entitlements */ = {isa = PBXFileReference; lastKnownFileType = text.plist.entitlements; path = MoonLight.entitlements; sourceTree = "<group>"; };
		852DA13029525C3E000DBB7A /* Preview Assets.xcassets */ = {isa = PBXFileReference; lastKnownFileType = folder.assetcatalog; path = "Preview Assets.xcassets"; sourceTree = "<group>"; };
		852DA13629525C3E000DBB7A /* MoonLightTests.xctest */ = {isa = PBXFileReference; explicitFileType = wrapper.cfbundle; includeInIndex = 0; path = MoonLightTests.xctest; sourceTree = BUILT_PRODUCTS_DIR; };
		852DA13A29525C3E000DBB7A /* MoonLightTests.swift */ = {isa = PBXFileReference; lastKnownFileType = sourcecode.swift; path = MoonLightTests.swift; sourceTree = "<group>"; };
		852DA14029525C3E000DBB7A /* MoonLightUITests.xctest */ = {isa = PBXFileReference; explicitFileType = wrapper.cfbundle; includeInIndex = 0; path = MoonLightUITests.xctest; sourceTree = BUILT_PRODUCTS_DIR; };
		852DA14429525C3E000DBB7A /* MoonLightUITests.swift */ = {isa = PBXFileReference; lastKnownFileType = sourcecode.swift; path = MoonLightUITests.swift; sourceTree = "<group>"; };
		852DA14629525C3E000DBB7A /* MoonLightUITestsLaunchTests.swift */ = {isa = PBXFileReference; lastKnownFileType = sourcecode.swift; path = MoonLightUITestsLaunchTests.swift; sourceTree = "<group>"; };
/* End PBXFileReference section */

/* Begin PBXFrameworksBuildPhase section */
		852DA12229525C3C000DBB7A /* Frameworks */ = {
			isa = PBXFrameworksBuildPhase;
			buildActionMask = 2147483647;
			files = (
			);
			runOnlyForDeploymentPostprocessing = 0;
		};
		852DA13329525C3E000DBB7A /* Frameworks */ = {
			isa = PBXFrameworksBuildPhase;
			buildActionMask = 2147483647;
			files = (
			);
			runOnlyForDeploymentPostprocessing = 0;
		};
		852DA13D29525C3E000DBB7A /* Frameworks */ = {
			isa = PBXFrameworksBuildPhase;
			buildActionMask = 2147483647;
			files = (
			);
			runOnlyForDeploymentPostprocessing = 0;
		};
/* End PBXFrameworksBuildPhase section */

/* Begin PBXGroup section */
		852DA11C29525C3C000DBB7A = {
			isa = PBXGroup;
			children = (
				852DA12729525C3C000DBB7A /* MoonLight */,
				852DA13929525C3E000DBB7A /* MoonLightTests */,
				852DA14329525C3E000DBB7A /* MoonLightUITests */,
				852DA12629525C3C000DBB7A /* Products */,
			);
			sourceTree = "<group>";
		};
		852DA12629525C3C000DBB7A /* Products */ = {
			isa = PBXGroup;
			children = (
				852DA12529525C3C000DBB7A /* MoonLight.app */,
				852DA13629525C3E000DBB7A /* MoonLightTests.xctest */,
				852DA14029525C3E000DBB7A /* MoonLightUITests.xctest */,
			);
			name = Products;
			sourceTree = "<group>";
		};
		852DA12729525C3C000DBB7A /* MoonLight */ = {
			isa = PBXGroup;
			children = (
				852DA12829525C3C000DBB7A /* MoonLightApp.swift */,
				852DA12A29525C3C000DBB7A /* ContentView.swift */,
				852DA12C29525C3E000DBB7A /* Assets.xcassets */,
				852DA12E29525C3E000DBB7A /* MoonLight.entitlements */,
				852DA12F29525C3E000DBB7A /* Preview Content */,
			);
			path = MoonLight;
			sourceTree = "<group>";
		};
		852DA12F29525C3E000DBB7A /* Preview Content */ = {
			isa = PBXGroup;
			children = (
				852DA13029525C3E000DBB7A /* Preview Assets.xcassets */,
			);
			path = "Preview Content";
			sourceTree = "<group>";
		};
		852DA13929525C3E000DBB7A /* MoonLightTests */ = {
			isa = PBXGroup;
			children = (
				852DA13A29525C3E000DBB7A /* MoonLightTests.swift */,
			);
			path = MoonLightTests;
			sourceTree = "<group>";
		};
		852DA14329525C3E000DBB7A /* MoonLightUITests */ = {
			isa = PBXGroup;
			children = (
				852DA14429525C3E000DBB7A /* MoonLightUITests.swift */,
				852DA14629525C3E000DBB7A /* MoonLightUITestsLaunchTests.swift */,
			);
			path = MoonLightUITests;
			sourceTree = "<group>";
		};
/* End PBXGroup section */

/* Begin PBXNativeTarget section */
		852DA12429525C3C000DBB7A /* MoonLight */ = {
			isa = PBXNativeTarget;
			buildConfigurationList = 852DA14A29525C3E000DBB7A /* Build configuration list for PBXNativeTarget "MoonLight" */;
			buildPhases = (
				852DA12129525C3C000DBB7A /* Sources */,
				852DA12229525C3C000DBB7A /* Frameworks */,
				852DA12329525C3C000DBB7A /* Resources */,
			);
			buildRules = (
			);
			dependencies = (
			);
			name = MoonLight;
			productName = MoonLight;
			productReference = 852DA12529525C3C000DBB7A /* MoonLight.app */;
			productType = "com.apple.product-type.application";
		};
		852DA13529525C3E000DBB7A /* MoonLightTests */ = {
			isa = PBXNativeTarget;
			buildConfigurationList = 852DA14D29525C3E000DBB7A /* Build configuration list for PBXNativeTarget "MoonLightTests" */;
			buildPhases = (
				852DA13229525C3E000DBB7A /* Sources */,
				852DA13329525C3E000DBB7A /* Frameworks */,
				852DA13429525C3E000DBB7A /* Resources */,
			);
			buildRules = (
			);
			dependencies = (
				852DA13829525C3E000DBB7A /* PBXTargetDependency */,
			);
			name = MoonLightTests;
			productName = MoonLightTests;
			productReference = 852DA13629525C3E000DBB7A /* MoonLightTests.xctest */;
			productType = "com.apple.product-type.bundle.unit-test";
		};
		852DA13F29525C3E000DBB7A /* MoonLightUITests */ = {
			isa = PBXNativeTarget;
			buildConfigurationList = 852DA15029525C3E000DBB7A /* Build configuration list for PBXNativeTarget "MoonLightUITests" */;
			buildPhases = (
				852DA13C29525C3E000DBB7A /* Sources */,
				852DA13D29525C3E000DBB7A /* Frameworks */,
				852DA13E29525C3E000DBB7A /* Resources */,
			);
			buildRules = (
			);
			dependencies = (
				852DA14229525C3E000DBB7A /* PBXTargetDependency */,
			);
			name = MoonLightUITests;
			productName = MoonLightUITests;
			productReference = 852DA14029525C3E000DBB7A /* MoonLightUITests.xctest */;
			productType = "com.apple.product-type.bundle.ui-testing";
		};
/* End PBXNativeTarget section */

/* Begin PBXProject section */
		852DA11D29525C3C000DBB7A /* Project object */ = {
			isa = PBXProject;
			attributes = {
				BuildIndependentTargetsInParallel = 1;
				LastSwiftUpdateCheck = 1420;
				LastUpgradeCheck = 1420;
				TargetAttributes = {
					852DA12429525C3C000DBB7A = {
						CreatedOnToolsVersion = 14.2;
					};
					852DA13529525C3E000DBB7A = {
						CreatedOnToolsVersion = 14.2;
						TestTargetID = 852DA12429525C3C000DBB7A;
					};
					852DA13F29525C3E000DBB7A = {
						CreatedOnToolsVersion = 14.2;
						TestTargetID = 852DA12429525C3C000DBB7A;
					};
				};
			};
			buildConfigurationList = 852DA12029525C3C000DBB7A /* Build configuration list for PBXProject "MoonLight" */;
			compatibilityVersion = "Xcode 14.0";
			developmentRegion = en;
			hasScannedForEncodings = 0;
			knownRegions = (
				en,
				Base,
			);
			mainGroup = 852DA11C29525C3C000DBB7A;
			productRefGroup = 852DA12629525C3C000DBB7A /* Products */;
			projectDirPath = "";
			projectRoot = "";
			targets = (
				852DA12429525C3C000DBB7A /* MoonLight */,
				852DA13529525C3E000DBB7A /* MoonLightTests */,
				852DA13F29525C3E000DBB7A /* MoonLightUITests */,
			);
		};
/* End PBXProject section */

/* Begin PBXResourcesBuildPhase section */
		852DA12329525C3C000DBB7A /* Resources */ = {
			isa = PBXResourcesBuildPhase;
			buildActionMask = 2147483647;
			files = (
				852DA13129525C3E000DBB7A /* Preview Assets.xcassets in Resources */,
				852DA12D29525C3E000DBB7A /* Assets.xcassets in Resources */,
			);
			runOnlyForDeploymentPostprocessing = 0;
		};
		852DA13429525C3E000DBB7A /* Resources */ = {
			isa = PBXResourcesBuildPhase;
			buildActionMask = 2147483647;
			files = (
			);
			runOnlyForDeploymentPostprocessing = 0;
		};
		852DA13E29525C3E000DBB7A /* Resources */ = {
			isa = PBXResourcesBuildPhase;
			buildActionMask = 2147483647;
			files = (
			);
			runOnlyForDeploymentPostprocessing = 0;
		};
/* End PBXResourcesBuildPhase section */

/* Begin PBXSourcesBuildPhase section */
		852DA12129525C3C000DBB7A /* Sources */ = {
			isa = PBXSourcesBuildPhase;
			buildActionMask = 2147483647;
			files = (
				852DA12B29525C3C000DBB7A /* ContentView.swift in Sources */,
				852DA12929525C3C000DBB7A /* MoonLightApp.swift in Sources */,
			);
			runOnlyForDeploymentPostprocessing = 0;
		};
		852DA13229525C3E000DBB7A /* Sources */ = {
			isa = PBXSourcesBuildPhase;
			buildActionMask = 2147483647;
			files = (
				852DA13B29525C3E000DBB7A /* MoonLightTests.swift in Sources */,
			);
			runOnlyForDeploymentPostprocessing = 0;
		};
		852DA13C29525C3E000DBB7A /* Sources */ = {
			isa = PBXSourcesBuildPhase;
			buildActionMask = 2147483647;
			files = (
				852DA14729525C3E000DBB7A /* MoonLightUITestsLaunchTests.swift in Sources */,
				852DA14529525C3E000DBB7A /* MoonLightUITests.swift in Sources */,
			);
			runOnlyForDeploymentPostprocessing = 0;
		};
/* End PBXSourcesBuildPhase section */

/* Begin PBXTargetDependency section */
		852DA13829525C3E000DBB7A /* PBXTargetDependency */ = {
			isa = PBXTargetDependency;
			target = 852DA12429525C3C000DBB7A /* MoonLight */;
			targetProxy = 852DA13729525C3E000DBB7A /* PBXContainerItemProxy */;
		};
		852DA14229525C3E000DBB7A /* PBXTargetDependency */ = {
			isa = PBXTargetDependency;
			target = 852DA12429525C3C000DBB7A /* MoonLight */;
			targetProxy = 852DA14129525C3E000DBB7A /* PBXContainerItemProxy */;
		};
/* End PBXTargetDependency section */

/* Begin XCBuildConfiguration section */
		852DA14829525C3E000DBB7A /* Debug */ = {
			isa = XCBuildConfiguration;
			buildSettings = {
				ALWAYS_SEARCH_USER_PATHS = NO;
				CLANG_ANALYZER_NONNULL = YES;
				CLANG_ANALYZER_NUMBER_OBJECT_CONVERSION = YES_AGGRESSIVE;
				CLANG_CXX_LANGUAGE_STANDARD = "gnu++20";
				CLANG_ENABLE_MODULES = YES;
				CLANG_ENABLE_OBJC_ARC = YES;
				CLANG_ENABLE_OBJC_WEAK = YES;
				CLANG_WARN_BLOCK_CAPTURE_AUTORELEASING = YES;
				CLANG_WARN_BOOL_CONVERSION = YES;
				CLANG_WARN_COMMA = YES;
				CLANG_WARN_CONSTANT_CONVERSION = YES;
				CLANG_WARN_DEPRECATED_OBJC_IMPLEMENTATIONS = YES;
				CLANG_WARN_DIRECT_OBJC_ISA_USAGE = YES_ERROR;
				CLANG_WARN_DOCUMENTATION_COMMENTS = YES;
				CLANG_WARN_EMPTY_BODY = YES;
				CLANG_WARN_ENUM_CONVERSION = YES;
				CLANG_WARN_INFINITE_RECURSION = YES;
				CLANG_WARN_INT_CONVERSION = YES;
				CLANG_WARN_NON_LITERAL_NULL_CONVERSION = YES;
				CLANG_WARN_OBJC_IMPLICIT_RETAIN_SELF = YES;
				CLANG_WARN_OBJC_LITERAL_CONVERSION = YES;
				CLANG_WARN_OBJC_ROOT_CLASS = YES_ERROR;
				CLANG_WARN_QUOTED_INCLUDE_IN_FRAMEWORK_HEADER = YES;
				CLANG_WARN_RANGE_LOOP_ANALYSIS = YES;
				CLANG_WARN_STRICT_PROTOTYPES = YES;
				CLANG_WARN_SUSPICIOUS_MOVE = YES;
				CLANG_WARN_UNGUARDED_AVAILABILITY = YES_AGGRESSIVE;
				CLANG_WARN_UNREACHABLE_CODE = YES;
				CLANG_WARN__DUPLICATE_METHOD_MATCH = YES;
				COPY_PHASE_STRIP = NO;
				DEBUG_INFORMATION_FORMAT = dwarf;
				ENABLE_STRICT_OBJC_MSGSEND = YES;
				ENABLE_TESTABILITY = YES;
				GCC_C_LANGUAGE_STANDARD = gnu11;
				GCC_DYNAMIC_NO_PIC = NO;
				GCC_NO_COMMON_BLOCKS = YES;
				GCC_OPTIMIZATION_LEVEL = 0;
				GCC_PREPROCESSOR_DEFINITIONS = (
					"DEBUG=1",
					"$(inherited)",
				);
				GCC_WARN_64_TO_32_BIT_CONVERSION = YES;
				GCC_WARN_ABOUT_RETURN_TYPE = YES_ERROR;
				GCC_WARN_UNDECLARED_SELECTOR = YES;
				GCC_WARN_UNINITIALIZED_AUTOS = YES_AGGRESSIVE;
				GCC_WARN_UNUSED_FUNCTION = YES;
				GCC_WARN_UNUSED_VARIABLE = YES;
				MTL_ENABLE_DEBUG_INFO = INCLUDE_SOURCE;
				MTL_FAST_MATH = YES;
				ONLY_ACTIVE_ARCH = YES;
				SWIFT_ACTIVE_COMPILATION_CONDITIONS = DEBUG;
				SWIFT_OPTIMIZATION_LEVEL = "-Onone";
			};
			name = Debug;
		};
		852DA14929525C3E000DBB7A /* Release */ = {
			isa = XCBuildConfiguration;
			buildSettings = {
				ALWAYS_SEARCH_USER_PATHS = NO;
				CLANG_ANALYZER_NONNULL = YES;
				CLANG_ANALYZER_NUMBER_OBJECT_CONVERSION = YES_AGGRESSIVE;
				CLANG_CXX_LANGUAGE_STANDARD = "gnu++20";
				CLANG_ENABLE_MODULES = YES;
				CLANG_ENABLE_OBJC_ARC = YES;
				CLANG_ENABLE_OBJC_WEAK = YES;
				CLANG_WARN_BLOCK_CAPTURE_AUTORELEASING = YES;
				CLANG_WARN_BOOL_CONVERSION = YES;
				CLANG_WARN_COMMA = YES;
				CLANG_WARN_CONSTANT_CONVERSION = YES;
				CLANG_WARN_DEPRECATED_OBJC_IMPLEMENTATIONS = YES;
				CLANG_WARN_DIRECT_OBJC_ISA_USAGE = YES_ERROR;
				CLANG_WARN_DOCUMENTATION_COMMENTS = YES;
				CLANG_WARN_EMPTY_BODY = YES;
				CLANG_WARN_ENUM_CONVERSION = YES;
				CLANG_WARN_INFINITE_RECURSION = YES;
				CLANG_WARN_INT_CONVERSION = YES;
				CLANG_WARN_NON_LITERAL_NULL_CONVERSION = YES;
				CLANG_WARN_OBJC_IMPLICIT_RETAIN_SELF = YES;
				CLANG_WARN_OBJC_LITERAL_CONVERSION = YES;
				CLANG_WARN_OBJC_ROOT_CLASS = YES_ERROR;
				CLANG_WARN_QUOTED_INCLUDE_IN_FRAMEWORK_HEADER = YES;
				CLANG_WARN_RANGE_LOOP_ANALYSIS = YES;
				CLANG_WARN_STRICT_PROTOTYPES = YES;
				CLANG_WARN_SUSPICIOUS_MOVE = YES;
				CLANG_WARN_UNGUARDED_AVAILABILITY = YES_AGGRESSIVE;
				CLANG_WARN_UNREACHABLE_CODE = YES;
				CLANG_WARN__DUPLICATE_METHOD_MATCH = YES;
				COPY_PHASE_STRIP = NO;
				DEBUG_INFORMATION_FORMAT = "dwarf-with-dsym";
				ENABLE_NS_ASSERTIONS = NO;
				ENABLE_STRICT_OBJC_MSGSEND = YES;
				GCC_C_LANGUAGE_STANDARD = gnu11;
				GCC_NO_COMMON_BLOCKS = YES;
				GCC_WARN_64_TO_32_BIT_CONVERSION = YES;
				GCC_WARN_ABOUT_RETURN_TYPE = YES_ERROR;
				GCC_WARN_UNDECLARED_SELECTOR = YES;
				GCC_WARN_UNINITIALIZED_AUTOS = YES_AGGRESSIVE;
				GCC_WARN_UNUSED_FUNCTION = YES;
				GCC_WARN_UNUSED_VARIABLE = YES;
				MTL_ENABLE_DEBUG_INFO = NO;
				MTL_FAST_MATH = YES;
				SWIFT_COMPILATION_MODE = wholemodule;
				SWIFT_OPTIMIZATION_LEVEL = "-O";
			};
			name = Release;
		};
		852DA14B29525C3E000DBB7A /* Debug */ = {
			isa = XCBuildConfiguration;
			buildSettings = {
				ASSETCATALOG_COMPILER_APPICON_NAME = AppIcon;
				ASSETCATALOG_COMPILER_GLOBAL_ACCENT_COLOR_NAME = AccentColor;
				CODE_SIGN_ENTITLEMENTS = MoonLight/MoonLight.entitlements;
				CODE_SIGN_STYLE = Automatic;
				CURRENT_PROJECT_VERSION = 1;
				DEVELOPMENT_ASSET_PATHS = "\"MoonLight/Preview Content\"";
				ENABLE_PREVIEWS = YES;
				GENERATE_INFOPLIST_FILE = YES;
				"INFOPLIST_KEY_UIApplicationSceneManifest_Generation[sdk=iphoneos*]" = YES;
				"INFOPLIST_KEY_UIApplicationSceneManifest_Generation[sdk=iphonesimulator*]" = YES;
				"INFOPLIST_KEY_UIApplicationSupportsIndirectInputEvents[sdk=iphoneos*]" = YES;
				"INFOPLIST_KEY_UIApplicationSupportsIndirectInputEvents[sdk=iphonesimulator*]" = YES;
				"INFOPLIST_KEY_UILaunchScreen_Generation[sdk=iphoneos*]" = YES;
				"INFOPLIST_KEY_UILaunchScreen_Generation[sdk=iphonesimulator*]" = YES;
				"INFOPLIST_KEY_UIStatusBarStyle[sdk=iphoneos*]" = UIStatusBarStyleDefault;
				"INFOPLIST_KEY_UIStatusBarStyle[sdk=iphonesimulator*]" = UIStatusBarStyleDefault;
				INFOPLIST_KEY_UISupportedInterfaceOrientations_iPad = "UIInterfaceOrientationPortrait UIInterfaceOrientationPortraitUpsideDown UIInterfaceOrientationLandscapeLeft UIInterfaceOrientationLandscapeRight";
				INFOPLIST_KEY_UISupportedInterfaceOrientations_iPhone = "UIInterfaceOrientationPortrait UIInterfaceOrientationLandscapeLeft UIInterfaceOrientationLandscapeRight";
				IPHONEOS_DEPLOYMENT_TARGET = 16.2;
				LD_RUNPATH_SEARCH_PATHS = "@executable_path/Frameworks";
				"LD_RUNPATH_SEARCH_PATHS[sdk=macosx*]" = "@executable_path/../Frameworks";
				MACOSX_DEPLOYMENT_TARGET = 13.1;
				MARKETING_VERSION = 1.0;
				PRODUCT_BUNDLE_IDENTIFIER = orlandomoraesmartins.MoonLight;
				PRODUCT_NAME = "$(TARGET_NAME)";
				SDKROOT = auto;
				SUPPORTED_PLATFORMS = "iphoneos iphonesimulator macosx";
				SWIFT_EMIT_LOC_STRINGS = YES;
				SWIFT_VERSION = 5.0;
				TARGETED_DEVICE_FAMILY = "1,2";
			};
			name = Debug;
		};
		852DA14C29525C3E000DBB7A /* Release */ = {
			isa = XCBuildConfiguration;
			buildSettings = {
				ASSETCATALOG_COMPILER_APPICON_NAME = AppIcon;
				ASSETCATALOG_COMPILER_GLOBAL_ACCENT_COLOR_NAME = AccentColor;
				CODE_SIGN_ENTITLEMENTS = MoonLight/MoonLight.entitlements;
				CODE_SIGN_STYLE = Automatic;
				CURRENT_PROJECT_VERSION = 1;
				DEVELOPMENT_ASSET_PATHS = "\"MoonLight/Preview Content\"";
				ENABLE_PREVIEWS = YES;
				GENERATE_INFOPLIST_FILE = YES;
				"INFOPLIST_KEY_UIApplicationSceneManifest_Generation[sdk=iphoneos*]" = YES;
				"INFOPLIST_KEY_UIApplicationSceneManifest_Generation[sdk=iphonesimulator*]" = YES;
				"INFOPLIST_KEY_UIApplicationSupportsIndirectInputEvents[sdk=iphoneos*]" = YES;
				"INFOPLIST_KEY_UIApplicationSupportsIndirectInputEvents[sdk=iphonesimulator*]" = YES;
				"INFOPLIST_KEY_UILaunchScreen_Generation[sdk=iphoneos*]" = YES;
				"INFOPLIST_KEY_UILaunchScreen_Generation[sdk=iphonesimulator*]" = YES;
				"INFOPLIST_KEY_UIStatusBarStyle[sdk=iphoneos*]" = UIStatusBarStyleDefault;
				"INFOPLIST_KEY_UIStatusBarStyle[sdk=iphonesimulator*]" = UIStatusBarStyleDefault;
				INFOPLIST_KEY_UISupportedInterfaceOrientations_iPad = "UIInterfaceOrientationPortrait UIInterfaceOrientationPortraitUpsideDown UIInterfaceOrientationLandscapeLeft UIInterfaceOrientationLandscapeRight";
				INFOPLIST_KEY_UISupportedInterfaceOrientations_iPhone = "UIInterfaceOrientationPortrait UIInterfaceOrientationLandscapeLeft UIInterfaceOrientationLandscapeRight";
				IPHONEOS_DEPLOYMENT_TARGET = 16.2;
				LD_RUNPATH_SEARCH_PATHS = "@executable_path/Frameworks";
				"LD_RUNPATH_SEARCH_PATHS[sdk=macosx*]" = "@executable_path/../Frameworks";
				MACOSX_DEPLOYMENT_TARGET = 13.1;
				MARKETING_VERSION = 1.0;
				PRODUCT_BUNDLE_IDENTIFIER = orlandomoraesmartins.MoonLight;
				PRODUCT_NAME = "$(TARGET_NAME)";
				SDKROOT = auto;
				SUPPORTED_PLATFORMS = "iphoneos iphonesimulator macosx";
				SWIFT_EMIT_LOC_STRINGS = YES;
				SWIFT_VERSION = 5.0;
				TARGETED_DEVICE_FAMILY = "1,2";
			};
			name = Release;
		};
		852DA14E29525C3E000DBB7A /* Debug */ = {
			isa = XCBuildConfiguration;
			buildSettings = {
				ALWAYS_EMBED_SWIFT_STANDARD_LIBRARIES = YES;
				BUNDLE_LOADER = "$(TEST_HOST)";
				CODE_SIGN_STYLE = Automatic;
				CURRENT_PROJECT_VERSION = 1;
				GENERATE_INFOPLIST_FILE = YES;
				IPHONEOS_DEPLOYMENT_TARGET = 16.2;
				MACOSX_DEPLOYMENT_TARGET = 13.1;
				MARKETING_VERSION = 1.0;
				PRODUCT_BUNDLE_IDENTIFIER = orlandomoraesmartins.MoonLightTests;
				PRODUCT_NAME = "$(TARGET_NAME)";
				SDKROOT = auto;
				SUPPORTED_PLATFORMS = "iphoneos iphonesimulator macosx";
				SWIFT_EMIT_LOC_STRINGS = NO;
				SWIFT_VERSION = 5.0;
				TARGETED_DEVICE_FAMILY = "1,2";
				TEST_HOST = "$(BUILT_PRODUCTS_DIR)/MoonLight.app/$(BUNDLE_EXECUTABLE_FOLDER_PATH)/MoonLight";
			};
			name = Debug;
		};
		852DA14F29525C3E000DBB7A /* Release */ = {
			isa = XCBuildConfiguration;
			buildSettings = {
				ALWAYS_EMBED_SWIFT_STANDARD_LIBRARIES = YES;
				BUNDLE_LOADER = "$(TEST_HOST)";
				CODE_SIGN_STYLE = Automatic;
				CURRENT_PROJECT_VERSION = 1;
				GENERATE_INFOPLIST_FILE = YES;
				IPHONEOS_DEPLOYMENT_TARGET = 16.2;
				MACOSX_DEPLOYMENT_TARGET = 13.1;
				MARKETING_VERSION = 1.0;
				PRODUCT_BUNDLE_IDENTIFIER = orlandomoraesmartins.MoonLightTests;
				PRODUCT_NAME = "$(TARGET_NAME)";
				SDKROOT = auto;
				SUPPORTED_PLATFORMS = "iphoneos iphonesimulator macosx";
				SWIFT_EMIT_LOC_STRINGS = NO;
				SWIFT_VERSION = 5.0;
				TARGETED_DEVICE_FAMILY = "1,2";
				TEST_HOST = "$(BUILT_PRODUCTS_DIR)/MoonLight.app/$(BUNDLE_EXECUTABLE_FOLDER_PATH)/MoonLight";
			};
			name = Release;
		};
		852DA15129525C3E000DBB7A /* Debug */ = {
			isa = XCBuildConfiguration;
			buildSettings = {
				ALWAYS_EMBED_SWIFT_STANDARD_LIBRARIES = YES;
				CODE_SIGN_STYLE = Automatic;
				CURRENT_PROJECT_VERSION = 1;
				GENERATE_INFOPLIST_FILE = YES;
				IPHONEOS_DEPLOYMENT_TARGET = 16.2;
				MACOSX_DEPLOYMENT_TARGET = 13.1;
				MARKETING_VERSION = 1.0;
				PRODUCT_BUNDLE_IDENTIFIER = orlandomoraesmartins.MoonLightUITests;
				PRODUCT_NAME = "$(TARGET_NAME)";
				SDKROOT = auto;
				SUPPORTED_PLATFORMS = "iphoneos iphonesimulator macosx";
				SWIFT_EMIT_LOC_STRINGS = NO;
				SWIFT_VERSION = 5.0;
				TARGETED_DEVICE_FAMILY = "1,2";
				TEST_TARGET_NAME = MoonLight;
			};
			name = Debug;
		};
		852DA15229525C3E000DBB7A /* Release */ = {
			isa = XCBuildConfiguration;
			buildSettings = {
				ALWAYS_EMBED_SWIFT_STANDARD_LIBRARIES = YES;
				CODE_SIGN_STYLE = Automatic;
				CURRENT_PROJECT_VERSION = 1;
				GENERATE_INFOPLIST_FILE = YES;
				IPHONEOS_DEPLOYMENT_TARGET = 16.2;
				MACOSX_DEPLOYMENT_TARGET = 13.1;
				MARKETING_VERSION = 1.0;
				PRODUCT_BUNDLE_IDENTIFIER = orlandomoraesmartins.MoonLightUITests;
				PRODUCT_NAME = "$(TARGET_NAME)";
				SDKROOT = auto;
				SUPPORTED_PLATFORMS = "iphoneos iphonesimulator macosx";
				SWIFT_EMIT_LOC_STRINGS = NO;
				SWIFT_VERSION = 5.0;
				TARGETED_DEVICE_FAMILY = "1,2";
				TEST_TARGET_NAME = MoonLight;
			};
			name = Release;
		};
/* End XCBuildConfiguration section */

/* Begin XCConfigurationList section */
		852DA12029525C3C000DBB7A /* Build configuration list for PBXProject "MoonLight" */ = {
			isa = XCConfigurationList;
			buildConfigurations = (
				852DA14829525C3E000DBB7A /* Debug */,
				852DA14929525C3E000DBB7A /* Release */,
			);
			defaultConfigurationIsVisible = 0;
			defaultConfigurationName = Release;
		};
		852DA14A29525C3E000DBB7A /* Build configuration list for PBXNativeTarget "MoonLight" */ = {
			isa = XCConfigurationList;
			buildConfigurations = (
				852DA14B29525C3E000DBB7A /* Debug */,
				852DA14C29525C3E000DBB7A /* Release */,
			);
			defaultConfigurationIsVisible = 0;
			defaultConfigurationName = Release;
		};
		852DA14D29525C3E000DBB7A /* Build configuration list for PBXNativeTarget "MoonLightTests" */ = {
			isa = XCConfigurationList;
			buildConfigurations = (
				852DA14E29525C3E000DBB7A /* Debug */,
				852DA14F29525C3E000DBB7A /* Release */,
			);
			defaultConfigurationIsVisible = 0;
			defaultConfigurationName = Release;
		};
		852DA15029525C3E000DBB7A /* Build configuration list for PBXNativeTarget "MoonLightUITests" */ = {
			isa = XCConfigurationList;
			buildConfigurations = (
				852DA15129525C3E000DBB7A /* Debug */,
				852DA15229525C3E000DBB7A /* Release */,
			);
			defaultConfigurationIsVisible = 0;
			defaultConfigurationName = Release;
		};
/* End XCConfigurationList section */
	};
	rootObject = 852DA11D29525C3C000DBB7A /* Project object */;
}
